
Microsoft Visual Studio Solution File, Format Version 12.00
# Visual Studio Version 16
VisualStudioVersion = 16.0.31729.503
MinimumVisualStudioVersion = 10.0.40219.1
Project("{FAE04EC0-301F-11D3-BF4B-00C04F79EFBC}") = "WRTCServer", "WRTCServer\WRTCServer.csproj", "{EFF0787F-8DDE-4799-88AF-D638321BD7F8}"
EndProject
Global
	GlobalSection(SolutionConfigurationPlatforms) = preSolution
		Debug|Any CPU = Debug|Any CPU
		Release|Any CPU = Release|Any CPU
	EndGlobalSection
	GlobalSection(ProjectConfigurationPlatforms) = postSolution
		{EFF0787F-8DDE-4799-88AF-D638321BD7F8}.Debug|Any CPU.ActiveCfg = Debug|Any CPU
		{EFF0787F-8DDE-4799-88AF-D638321BD7F8}.Debug|Any CPU.Build.0 = Debug|Any CPU
		{EFF0787F-8DDE-4799-88AF-D638321BD7F8}.Release|Any CPU.ActiveCfg = Release|Any CPU
		{EFF0787F-8DDE-4799-88AF-D638321BD7F8}.Release|Any CPU.Build.0 = Release|Any CPU
	EndGlobalSection
	GlobalSection(SolutionProperties) = preSolution
		HideSolutionNode = FALSE
	EndGlobalSection
	GlobalSection(ExtensibilityGlobals) = postSolution
		SolutionGuid = {EE90FD6F-9974-4E21-925B-C4D8C29D605D}
	EndGlobalSection
EndGlobal
